
Microsoft Visual Studio Solution File, Format Version 12.00
# Visual Studio 15
VisualStudioVersion = 15.0.28307.168
MinimumVisualStudioVersion = 10.0.40219.1
Project("{FAE04EC0-301F-11D3-BF4B-00C04F79EFBC}") = "LRKElectronics", "LRKElectronics\LRKElectronics.csproj", "{C9C2AF60-74F6-41C8-813F-21753B92E74B}"
EndProject
Global
	GlobalSection(SolutionConfigurationPlatforms) = preSolution
		Debug|Any CPU = Debug|Any CPU
		Release|Any CPU = Release|Any CPU
	EndGlobalSection
	GlobalSection(ProjectConfigurationPlatforms) = postSolution
		{C9C2AF60-74F6-41C8-813F-21753B92E74B}.Debug|Any CPU.ActiveCfg = Debug|Any CPU
		{C9C2AF60-74F6-41C8-813F-21753B92E74B}.Debug|Any CPU.Build.0 = Debug|Any CPU
		{C9C2AF60-74F6-41C8-813F-21753B92E74B}.Release|Any CPU.ActiveCfg = Release|Any CPU
		{C9C2AF60-74F6-41C8-813F-21753B92E74B}.Release|Any CPU.Build.0 = Release|Any CPU
	EndGlobalSection
	GlobalSection(SolutionProperties) = preSolution
		HideSolutionNode = FALSE
	EndGlobalSection
	GlobalSection(ExtensibilityGlobals) = postSolution
		SolutionGuid = {6DC42BCD-1078-4C95-901F-AF97699EE3A0}
	EndGlobalSection
EndGlobal
